
Microsoft Visual Studio Solution File, Format Version 12.00
# Visual Studio 14
VisualStudioVersion = 14.0.25420.1
MinimumVisualStudioVersion = 10.0.40219.1
Project("{FAE04EC0-301F-11D3-BF4B-00C04F79EFBC}") = "Q01_Asterisks", "Q01_Asterisks\Q01_Asterisks.csproj", "{947C5290-E58A-4488-9E8B-447264F5B3C3}"
EndProject
Project("{FAE04EC0-301F-11D3-BF4B-00C04F79EFBC}") = "Q02_Numbers", "Q02_Numbers\Q02_Numbers.csproj", "{85D54805-3FA8-46CC-9ED0-CE4BA27E742B}"
EndProject
Project("{FAE04EC0-301F-11D3-BF4B-00C04F79EFBC}") = "Q03_Numbers2", "Q03_Numbers2\Q03_Numbers2.csproj", "{9CBE8512-7FAE-4B44-AA5A-98907D13D3A3}"
EndProject
Project("{FAE04EC0-301F-11D3-BF4B-00C04F79EFBC}") = "Q04_NumbersAsterisks1", "Q04_NumbersAsterisks1\Q04_NumbersAsterisks1.csproj", "{1AD77962-09C7-4CC6-BE55-615862658678}"
EndProject
Project("{FAE04EC0-301F-11D3-BF4B-00C04F79EFBC}") = "Q05_NumbersAsterisks2", "Q05_NumbersAsterisks2\Q05_NumbersAsterisks2.csproj", "{12DEBA63-C2E2-4237-9D91-F19C27E3A1D7}"
EndProject
Project("{FAE04EC0-301F-11D3-BF4B-00C04F79EFBC}") = "Q06_Numbers3", "Q06_Numbers3\Q06_Numbers3.csproj", "{F4511CC8-3DCE-4FB7-858D-740C03784FED}"
EndProject
Project("{FAE04EC0-301F-11D3-BF4B-00C04F79EFBC}") = "Q07_Sum", "Q07_Sum\Q07_Sum.csproj", "{24AC583D-1DCB-4C2D-8126-B5593E6E12D6}"
EndProject
Project("{FAE04EC0-301F-11D3-BF4B-00C04F79EFBC}") = "Q08_Average", "Q08_Average\Q08_Average.csproj", "{41BA11D9-E1AE-41C3-9283-9BC00B0282B9}"
EndProject
Project("{FAE04EC0-301F-11D3-BF4B-00C04F79EFBC}") = "Q09_Multiples", "Q09_Multiples\Q09_Multiples.csproj", "{B02E0213-B5BC-4752-ABBC-5396F73AE2FC}"
EndProject
Project("{FAE04EC0-301F-11D3-BF4B-00C04F79EFBC}") = "Q10_Temperature", "Q10_Temperature\Q10_Temperature.csproj", "{EE5F201F-975D-457E-9DD1-4E498C1F29FE}"
EndProject
Project("{FAE04EC0-301F-11D3-BF4B-00C04F79EFBC}") = "Q11_Depreciation", "Q11_Depreciation\Q11_Depreciation.csproj", "{7E1DE5ED-9289-45FA-B392-478D89B42CB5}"
EndProject
Project("{FAE04EC0-301F-11D3-BF4B-00C04F79EFBC}") = "Q12_Pattern1", "Q12_Pattern1\Q12_Pattern1.csproj", "{B235C464-E961-4335-9ADA-F1BBC6150601}"
EndProject
Project("{FAE04EC0-301F-11D3-BF4B-00C04F79EFBC}") = "Q13_Pattern2", "Q13_Pattern2\Q13_Pattern2.csproj", "{59113E84-47F5-4C6B-8A93-BA384676D46A}"
EndProject
Project("{FAE04EC0-301F-11D3-BF4B-00C04F79EFBC}") = "Q14_Pattern3", "Q14_Pattern3\Q14_Pattern3.csproj", "{D49E3C82-0D53-4ACA-9642-E1279060F10A}"
EndProject
Project("{FAE04EC0-301F-11D3-BF4B-00C04F79EFBC}") = "Q15_Pattern4", "Q15_Pattern4\Q15_Pattern4.csproj", "{03CC5301-0A4C-489E-95C3-690B5EBE2B17}"
EndProject
Project("{FAE04EC0-301F-11D3-BF4B-00C04F79EFBC}") = "Practice_Continue", "Practice_Continue\Practice_Continue.csproj", "{FE9840AB-2BA2-405C-8DDA-4344F70E0283}"
EndProject
Project("{FAE04EC0-301F-11D3-BF4B-00C04F79EFBC}") = "Q16_Pattern5", "Q16_Pattern5\Q16_Pattern5.csproj", "{0D0C94D1-9845-4805-BE2D-822A6BF87918}"
EndProject
Project("{FAE04EC0-301F-11D3-BF4B-00C04F79EFBC}") = "Q17_Pattern6", "Q17_Pattern6\Q17_Pattern6.csproj", "{40928365-6BBA-43AD-9D1C-6AFD83562D6B}"
EndProject
Project("{FAE04EC0-301F-11D3-BF4B-00C04F79EFBC}") = "Q18_Pattern7", "Q18_Pattern7\Q18_Pattern7.csproj", "{0E6ACF98-4FCE-451F-AD32-B82D06D1F54E}"
EndProject
Project("{FAE04EC0-301F-11D3-BF4B-00C04F79EFBC}") = "Q19_Pattern8", "Q19_Pattern8\Q19_Pattern8.csproj", "{7C2001D0-7389-4D2D-82E9-8E9324317131}"
EndProject
Global
	GlobalSection(SolutionConfigurationPlatforms) = preSolution
		Debug|Any CPU = Debug|Any CPU
		Release|Any CPU = Release|Any CPU
	EndGlobalSection
	GlobalSection(ProjectConfigurationPlatforms) = postSolution
		{947C5290-E58A-4488-9E8B-447264F5B3C3}.Debug|Any CPU.ActiveCfg = Debug|Any CPU
		{947C5290-E58A-4488-9E8B-447264F5B3C3}.Debug|Any CPU.Build.0 = Debug|Any CPU
		{947C5290-E58A-4488-9E8B-447264F5B3C3}.Release|Any CPU.ActiveCfg = Release|Any CPU
		{947C5290-E58A-4488-9E8B-447264F5B3C3}.Release|Any CPU.Build.0 = Release|Any CPU
		{85D54805-3FA8-46CC-9ED0-CE4BA27E742B}.Debug|Any CPU.ActiveCfg = Debug|Any CPU
		{85D54805-3FA8-46CC-9ED0-CE4BA27E742B}.Debug|Any CPU.Build.0 = Debug|Any CPU
		{85D54805-3FA8-46CC-9ED0-CE4BA27E742B}.Release|Any CPU.ActiveCfg = Release|Any CPU
		{85D54805-3FA8-46CC-9ED0-CE4BA27E742B}.Release|Any CPU.Build.0 = Release|Any CPU
		{9CBE8512-7FAE-4B44-AA5A-98907D13D3A3}.Debug|Any CPU.ActiveCfg = Debug|Any CPU
		{9CBE8512-7FAE-4B44-AA5A-98907D13D3A3}.Debug|Any CPU.Build.0 = Debug|Any CPU
		{9CBE8512-7FAE-4B44-AA5A-98907D13D3A3}.Release|Any CPU.ActiveCfg = Release|Any CPU
		{9CBE8512-7FAE-4B44-AA5A-98907D13D3A3}.Release|Any CPU.Build.0 = Release|Any CPU
		{1AD77962-09C7-4CC6-BE55-615862658678}.Debug|Any CPU.ActiveCfg = Debug|Any CPU
		{1AD77962-09C7-4CC6-BE55-615862658678}.Debug|Any CPU.Build.0 = Debug|Any CPU
		{1AD77962-09C7-4CC6-BE55-615862658678}.Release|Any CPU.ActiveCfg = Release|Any CPU
		{1AD77962-09C7-4CC6-BE55-615862658678}.Release|Any CPU.Build.0 = Release|Any CPU
		{12DEBA63-C2E2-4237-9D91-F19C27E3A1D7}.Debug|Any CPU.ActiveCfg = Debug|Any CPU
		{12DEBA63-C2E2-4237-9D91-F19C27E3A1D7}.Debug|Any CPU.Build.0 = Debug|Any CPU
		{12DEBA63-C2E2-4237-9D91-F19C27E3A1D7}.Release|Any CPU.ActiveCfg = Release|Any CPU
		{12DEBA63-C2E2-4237-9D91-F19C27E3A1D7}.Release|Any CPU.Build.0 = Release|Any CPU
		{F4511CC8-3DCE-4FB7-858D-740C03784FED}.Debug|Any CPU.ActiveCfg = Debug|Any CPU
		{F4511CC8-3DCE-4FB7-858D-740C03784FED}.Debug|Any CPU.Build.0 = Debug|Any CPU
		{F4511CC8-3DCE-4FB7-858D-740C03784FED}.Release|Any CPU.ActiveCfg = Release|Any CPU
		{F4511CC8-3DCE-4FB7-858D-740C03784FED}.Release|Any CPU.Build.0 = Release|Any CPU
		{24AC583D-1DCB-4C2D-8126-B5593E6E12D6}.Debug|Any CPU.ActiveCfg = Debug|Any CPU
		{24AC583D-1DCB-4C2D-8126-B5593E6E12D6}.Debug|Any CPU.Build.0 = Debug|Any CPU
		{24AC583D-1DCB-4C2D-8126-B5593E6E12D6}.Release|Any CPU.ActiveCfg = Release|Any CPU
		{24AC583D-1DCB-4C2D-8126-B5593E6E12D6}.Release|Any CPU.Build.0 = Release|Any CPU
		{41BA11D9-E1AE-41C3-9283-9BC00B0282B9}.Debug|Any CPU.ActiveCfg = Debug|Any CPU
		{41BA11D9-E1AE-41C3-9283-9BC00B0282B9}.Debug|Any CPU.Build.0 = Debug|Any CPU
		{41BA11D9-E1AE-41C3-9283-9BC00B0282B9}.Release|Any CPU.ActiveCfg = Release|Any CPU
		{41BA11D9-E1AE-41C3-9283-9BC00B0282B9}.Release|Any CPU.Build.0 = Release|Any CPU
		{B02E0213-B5BC-4752-ABBC-5396F73AE2FC}.Debug|Any CPU.ActiveCfg = Debug|Any CPU
		{B02E0213-B5BC-4752-ABBC-5396F73AE2FC}.Debug|Any CPU.Build.0 = Debug|Any CPU
		{B02E0213-B5BC-4752-ABBC-5396F73AE2FC}.Release|Any CPU.ActiveCfg = Release|Any CPU
		{B02E0213-B5BC-4752-ABBC-5396F73AE2FC}.Release|Any CPU.Build.0 = Release|Any CPU
		{EE5F201F-975D-457E-9DD1-4E498C1F29FE}.Debug|Any CPU.ActiveCfg = Debug|Any CPU
		{EE5F201F-975D-457E-9DD1-4E498C1F29FE}.Debug|Any CPU.Build.0 = Debug|Any CPU
		{EE5F201F-975D-457E-9DD1-4E498C1F29FE}.Release|Any CPU.ActiveCfg = Release|Any CPU
		{EE5F201F-975D-457E-9DD1-4E498C1F29FE}.Release|Any CPU.Build.0 = Release|Any CPU
		{7E1DE5ED-9289-45FA-B392-478D89B42CB5}.Debug|Any CPU.ActiveCfg = Debug|Any CPU
		{7E1DE5ED-9289-45FA-B392-478D89B42CB5}.Debug|Any CPU.Build.0 = Debug|Any CPU
		{7E1DE5ED-9289-45FA-B392-478D89B42CB5}.Release|Any CPU.ActiveCfg = Release|Any CPU
		{7E1DE5ED-9289-45FA-B392-478D89B42CB5}.Release|Any CPU.Build.0 = Release|Any CPU
		{B235C464-E961-4335-9ADA-F1BBC6150601}.Debug|Any CPU.ActiveCfg = Debug|Any CPU
		{B235C464-E961-4335-9ADA-F1BBC6150601}.Debug|Any CPU.Build.0 = Debug|Any CPU
		{B235C464-E961-4335-9ADA-F1BBC6150601}.Release|Any CPU.ActiveCfg = Release|Any CPU
		{B235C464-E961-4335-9ADA-F1BBC6150601}.Release|Any CPU.Build.0 = Release|Any CPU
		{59113E84-47F5-4C6B-8A93-BA384676D46A}.Debug|Any CPU.ActiveCfg = Debug|Any CPU
		{59113E84-47F5-4C6B-8A93-BA384676D46A}.Debug|Any CPU.Build.0 = Debug|Any CPU
		{59113E84-47F5-4C6B-8A93-BA384676D46A}.Release|Any CPU.ActiveCfg = Release|Any CPU
		{59113E84-47F5-4C6B-8A93-BA384676D46A}.Release|Any CPU.Build.0 = Release|Any CPU
		{D49E3C82-0D53-4ACA-9642-E1279060F10A}.Debug|Any CPU.ActiveCfg = Debug|Any CPU
		{D49E3C82-0D53-4ACA-9642-E1279060F10A}.Debug|Any CPU.Build.0 = Debug|Any CPU
		{D49E3C82-0D53-4ACA-9642-E1279060F10A}.Release|Any CPU.ActiveCfg = Release|Any CPU
		{D49E3C82-0D53-4ACA-9642-E1279060F10A}.Release|Any CPU.Build.0 = Release|Any CPU
		{03CC5301-0A4C-489E-95C3-690B5EBE2B17}.Debug|Any CPU.ActiveCfg = Debug|Any CPU
		{03CC5301-0A4C-489E-95C3-690B5EBE2B17}.Debug|Any CPU.Build.0 = Debug|Any CPU
		{03CC5301-0A4C-489E-95C3-690B5EBE2B17}.Release|Any CPU.ActiveCfg = Release|Any CPU
		{03CC5301-0A4C-489E-95C3-690B5EBE2B17}.Release|Any CPU.Build.0 = Release|Any CPU
		{FE9840AB-2BA2-405C-8DDA-4344F70E0283}.Debug|Any CPU.ActiveCfg = Debug|Any CPU
		{FE9840AB-2BA2-405C-8DDA-4344F70E0283}.Debug|Any CPU.Build.0 = Debug|Any CPU
		{FE9840AB-2BA2-405C-8DDA-4344F70E0283}.Release|Any CPU.ActiveCfg = Release|Any CPU
		{FE9840AB-2BA2-405C-8DDA-4344F70E0283}.Release|Any CPU.Build.0 = Release|Any CPU
		{0D0C94D1-9845-4805-BE2D-822A6BF87918}.Debug|Any CPU.ActiveCfg = Debug|Any CPU
		{0D0C94D1-9845-4805-BE2D-822A6BF87918}.Debug|Any CPU.Build.0 = Debug|Any CPU
		{0D0C94D1-9845-4805-BE2D-822A6BF87918}.Release|Any CPU.ActiveCfg = Release|Any CPU
		{0D0C94D1-9845-4805-BE2D-822A6BF87918}.Release|Any CPU.Build.0 = Release|Any CPU
		{40928365-6BBA-43AD-9D1C-6AFD83562D6B}.Debug|Any CPU.ActiveCfg = Debug|Any CPU
		{40928365-6BBA-43AD-9D1C-6AFD83562D6B}.Debug|Any CPU.Build.0 = Debug|Any CPU
		{40928365-6BBA-43AD-9D1C-6AFD83562D6B}.Release|Any CPU.ActiveCfg = Release|Any CPU
		{40928365-6BBA-43AD-9D1C-6AFD83562D6B}.Release|Any CPU.Build.0 = Release|Any CPU
		{0E6ACF98-4FCE-451F-AD32-B82D06D1F54E}.Debug|Any CPU.ActiveCfg = Debug|Any CPU
		{0E6ACF98-4FCE-451F-AD32-B82D06D1F54E}.Debug|Any CPU.Build.0 = Debug|Any CPU
		{0E6ACF98-4FCE-451F-AD32-B82D06D1F54E}.Release|Any CPU.ActiveCfg = Release|Any CPU
		{0E6ACF98-4FCE-451F-AD32-B82D06D1F54E}.Release|Any CPU.Build.0 = Release|Any CPU
		{7C2001D0-7389-4D2D-82E9-8E9324317131}.Debug|Any CPU.ActiveCfg = Debug|Any CPU
		{7C2001D0-7389-4D2D-82E9-8E9324317131}.Debug|Any CPU.Build.0 = Debug|Any CPU
		{7C2001D0-7389-4D2D-82E9-8E9324317131}.Release|Any CPU.ActiveCfg = Release|Any CPU
		{7C2001D0-7389-4D2D-82E9-8E9324317131}.Release|Any CPU.Build.0 = Release|Any CPU
	EndGlobalSection
	GlobalSection(SolutionProperties) = preSolution
		HideSolutionNode = FALSE
	EndGlobalSection
EndGlobal
