
Microsoft Visual Studio Solution File, Format Version 12.00
# Visual Studio 14
VisualStudioVersion = 14.0.25420.1
MinimumVisualStudioVersion = 10.0.40219.1
Project("{FAE04EC0-301F-11D3-BF4B-00C04F79EFBC}") = "Q1_Pay", "Q1_Pay\Q1_Pay.csproj", "{DA70A7CD-59B5-4FB7-90AC-48E6C5DCE822}"
EndProject
Project("{FAE04EC0-301F-11D3-BF4B-00C04F79EFBC}") = "Q2_Pay2", "Q2_Pay2\Q2_Pay2.csproj", "{0E5AD879-7B37-4CA1-BEE1-261F68CB2529}"
EndProject
Project("{FAE04EC0-301F-11D3-BF4B-00C04F79EFBC}") = "Q3_InterestRate", "Q3_InterestRate\Q3_InterestRate.csproj", "{87D93B23-7C11-42AF-B18E-B6236120D980}"
EndProject
Project("{FAE04EC0-301F-11D3-BF4B-00C04F79EFBC}") = "Q4_Pay3", "Q4_Pay3\Q4_Pay3.csproj", "{AC04210D-DEE1-44ED-9FC2-93A9876F01F1}"
EndProject
Project("{FAE04EC0-301F-11D3-BF4B-00C04F79EFBC}") = "Q5_Message", "Q5_Message\Q5_Message.csproj", "{E291CF6C-726C-4519-9972-58DB7B07CFEE}"
EndProject
Project("{FAE04EC0-301F-11D3-BF4B-00C04F79EFBC}") = "Q6_Admission", "Q6_Admission\Q6_Admission.csproj", "{CB28C755-D670-4A54-A768-6EF715910D1D}"
EndProject
Project("{FAE04EC0-301F-11D3-BF4B-00C04F79EFBC}") = "Q7_Pay4", "Q7_Pay4\Q7_Pay4.csproj", "{16599E04-1285-4802-AD75-65639E6438E9}"
EndProject
Project("{FAE04EC0-301F-11D3-BF4B-00C04F79EFBC}") = "Q8_lawnMowing", "Q8_lawnMowing\Q8_lawnMowing.csproj", "{E98B12EC-D68A-47D7-8133-BD0A5552825D}"
EndProject
Project("{FAE04EC0-301F-11D3-BF4B-00C04F79EFBC}") = "Q9_LawnMowing2", "Q9_LawnMowing2\Q9_LawnMowing2.csproj", "{10E5536F-4F4E-4D77-B26C-9F8C6DB0E5CF}"
EndProject
Project("{FAE04EC0-301F-11D3-BF4B-00C04F79EFBC}") = "Q10_IQ", "Q10_IQ\Q10_IQ.csproj", "{006A163B-63F6-4AA6-8AED-737BBEA20FDB}"
EndProject
Project("{FAE04EC0-301F-11D3-BF4B-00C04F79EFBC}") = "Q11_RandomNumber", "Q11_RandomNumber\Q11_RandomNumber.csproj", "{FFF70EEC-7EBD-4771-80BA-9750E2A00629}"
EndProject
Project("{FAE04EC0-301F-11D3-BF4B-00C04F79EFBC}") = "Q12_Game", "Q12_Game\Q12_Game.csproj", "{312AD308-CE5F-495B-98DE-321A4BA773F1}"
EndProject
Project("{FAE04EC0-301F-11D3-BF4B-00C04F79EFBC}") = "Q13_Game2", "Q13_Game2\Q13_Game2.csproj", "{9F3D1721-7E97-4678-A382-EB9D0C36425B}"
EndProject
Project("{FAE04EC0-301F-11D3-BF4B-00C04F79EFBC}") = "Q14_LotteryGame", "Q14_LotteryGame\Q14_LotteryGame.csproj", "{D5C9291A-BB78-4D45-84B8-F96E5E522251}"
EndProject
Global
	GlobalSection(SolutionConfigurationPlatforms) = preSolution
		Debug|Any CPU = Debug|Any CPU
		Release|Any CPU = Release|Any CPU
	EndGlobalSection
	GlobalSection(ProjectConfigurationPlatforms) = postSolution
		{DA70A7CD-59B5-4FB7-90AC-48E6C5DCE822}.Debug|Any CPU.ActiveCfg = Debug|Any CPU
		{DA70A7CD-59B5-4FB7-90AC-48E6C5DCE822}.Debug|Any CPU.Build.0 = Debug|Any CPU
		{DA70A7CD-59B5-4FB7-90AC-48E6C5DCE822}.Release|Any CPU.ActiveCfg = Release|Any CPU
		{DA70A7CD-59B5-4FB7-90AC-48E6C5DCE822}.Release|Any CPU.Build.0 = Release|Any CPU
		{0E5AD879-7B37-4CA1-BEE1-261F68CB2529}.Debug|Any CPU.ActiveCfg = Debug|Any CPU
		{0E5AD879-7B37-4CA1-BEE1-261F68CB2529}.Debug|Any CPU.Build.0 = Debug|Any CPU
		{0E5AD879-7B37-4CA1-BEE1-261F68CB2529}.Release|Any CPU.ActiveCfg = Release|Any CPU
		{0E5AD879-7B37-4CA1-BEE1-261F68CB2529}.Release|Any CPU.Build.0 = Release|Any CPU
		{87D93B23-7C11-42AF-B18E-B6236120D980}.Debug|Any CPU.ActiveCfg = Debug|Any CPU
		{87D93B23-7C11-42AF-B18E-B6236120D980}.Debug|Any CPU.Build.0 = Debug|Any CPU
		{87D93B23-7C11-42AF-B18E-B6236120D980}.Release|Any CPU.ActiveCfg = Release|Any CPU
		{87D93B23-7C11-42AF-B18E-B6236120D980}.Release|Any CPU.Build.0 = Release|Any CPU
		{AC04210D-DEE1-44ED-9FC2-93A9876F01F1}.Debug|Any CPU.ActiveCfg = Debug|Any CPU
		{AC04210D-DEE1-44ED-9FC2-93A9876F01F1}.Debug|Any CPU.Build.0 = Debug|Any CPU
		{AC04210D-DEE1-44ED-9FC2-93A9876F01F1}.Release|Any CPU.ActiveCfg = Release|Any CPU
		{AC04210D-DEE1-44ED-9FC2-93A9876F01F1}.Release|Any CPU.Build.0 = Release|Any CPU
		{E291CF6C-726C-4519-9972-58DB7B07CFEE}.Debug|Any CPU.ActiveCfg = Debug|Any CPU
		{E291CF6C-726C-4519-9972-58DB7B07CFEE}.Debug|Any CPU.Build.0 = Debug|Any CPU
		{E291CF6C-726C-4519-9972-58DB7B07CFEE}.Release|Any CPU.ActiveCfg = Release|Any CPU
		{E291CF6C-726C-4519-9972-58DB7B07CFEE}.Release|Any CPU.Build.0 = Release|Any CPU
		{CB28C755-D670-4A54-A768-6EF715910D1D}.Debug|Any CPU.ActiveCfg = Debug|Any CPU
		{CB28C755-D670-4A54-A768-6EF715910D1D}.Debug|Any CPU.Build.0 = Debug|Any CPU
		{CB28C755-D670-4A54-A768-6EF715910D1D}.Release|Any CPU.ActiveCfg = Release|Any CPU
		{CB28C755-D670-4A54-A768-6EF715910D1D}.Release|Any CPU.Build.0 = Release|Any CPU
		{16599E04-1285-4802-AD75-65639E6438E9}.Debug|Any CPU.ActiveCfg = Debug|Any CPU
		{16599E04-1285-4802-AD75-65639E6438E9}.Debug|Any CPU.Build.0 = Debug|Any CPU
		{16599E04-1285-4802-AD75-65639E6438E9}.Release|Any CPU.ActiveCfg = Release|Any CPU
		{16599E04-1285-4802-AD75-65639E6438E9}.Release|Any CPU.Build.0 = Release|Any CPU
		{E98B12EC-D68A-47D7-8133-BD0A5552825D}.Debug|Any CPU.ActiveCfg = Debug|Any CPU
		{E98B12EC-D68A-47D7-8133-BD0A5552825D}.Debug|Any CPU.Build.0 = Debug|Any CPU
		{E98B12EC-D68A-47D7-8133-BD0A5552825D}.Release|Any CPU.ActiveCfg = Release|Any CPU
		{E98B12EC-D68A-47D7-8133-BD0A5552825D}.Release|Any CPU.Build.0 = Release|Any CPU
		{10E5536F-4F4E-4D77-B26C-9F8C6DB0E5CF}.Debug|Any CPU.ActiveCfg = Debug|Any CPU
		{10E5536F-4F4E-4D77-B26C-9F8C6DB0E5CF}.Debug|Any CPU.Build.0 = Debug|Any CPU
		{10E5536F-4F4E-4D77-B26C-9F8C6DB0E5CF}.Release|Any CPU.ActiveCfg = Release|Any CPU
		{10E5536F-4F4E-4D77-B26C-9F8C6DB0E5CF}.Release|Any CPU.Build.0 = Release|Any CPU
		{006A163B-63F6-4AA6-8AED-737BBEA20FDB}.Debug|Any CPU.ActiveCfg = Debug|Any CPU
		{006A163B-63F6-4AA6-8AED-737BBEA20FDB}.Debug|Any CPU.Build.0 = Debug|Any CPU
		{006A163B-63F6-4AA6-8AED-737BBEA20FDB}.Release|Any CPU.ActiveCfg = Release|Any CPU
		{006A163B-63F6-4AA6-8AED-737BBEA20FDB}.Release|Any CPU.Build.0 = Release|Any CPU
		{FFF70EEC-7EBD-4771-80BA-9750E2A00629}.Debug|Any CPU.ActiveCfg = Debug|Any CPU
		{FFF70EEC-7EBD-4771-80BA-9750E2A00629}.Debug|Any CPU.Build.0 = Debug|Any CPU
		{FFF70EEC-7EBD-4771-80BA-9750E2A00629}.Release|Any CPU.ActiveCfg = Release|Any CPU
		{FFF70EEC-7EBD-4771-80BA-9750E2A00629}.Release|Any CPU.Build.0 = Release|Any CPU
		{312AD308-CE5F-495B-98DE-321A4BA773F1}.Debug|Any CPU.ActiveCfg = Debug|Any CPU
		{312AD308-CE5F-495B-98DE-321A4BA773F1}.Debug|Any CPU.Build.0 = Debug|Any CPU
		{312AD308-CE5F-495B-98DE-321A4BA773F1}.Release|Any CPU.ActiveCfg = Release|Any CPU
		{312AD308-CE5F-495B-98DE-321A4BA773F1}.Release|Any CPU.Build.0 = Release|Any CPU
		{9F3D1721-7E97-4678-A382-EB9D0C36425B}.Debug|Any CPU.ActiveCfg = Debug|Any CPU
		{9F3D1721-7E97-4678-A382-EB9D0C36425B}.Debug|Any CPU.Build.0 = Debug|Any CPU
		{9F3D1721-7E97-4678-A382-EB9D0C36425B}.Release|Any CPU.ActiveCfg = Release|Any CPU
		{9F3D1721-7E97-4678-A382-EB9D0C36425B}.Release|Any CPU.Build.0 = Release|Any CPU
		{D5C9291A-BB78-4D45-84B8-F96E5E522251}.Debug|Any CPU.ActiveCfg = Debug|Any CPU
		{D5C9291A-BB78-4D45-84B8-F96E5E522251}.Debug|Any CPU.Build.0 = Debug|Any CPU
		{D5C9291A-BB78-4D45-84B8-F96E5E522251}.Release|Any CPU.ActiveCfg = Release|Any CPU
		{D5C9291A-BB78-4D45-84B8-F96E5E522251}.Release|Any CPU.Build.0 = Release|Any CPU
	EndGlobalSection
	GlobalSection(SolutionProperties) = preSolution
		HideSolutionNode = FALSE
	EndGlobalSection
EndGlobal
