
Microsoft Visual Studio Solution File, Format Version 12.00
# Visual Studio 14
VisualStudioVersion = 14.0.25420.1
MinimumVisualStudioVersion = 10.0.40219.1
Project("{FAE04EC0-301F-11D3-BF4B-00C04F79EFBC}") = "Q1_FlowChart1", "Q1_FlowChart1\Q1_FlowChart1.csproj", "{5A62B689-5E33-4ADD-8077-54B5757CCBA7}"
EndProject
Project("{FAE04EC0-301F-11D3-BF4B-00C04F79EFBC}") = "Q2_FlowChart2", "Q2_FlowChart2\Q2_FlowChart2.csproj", "{7F366317-523E-4CE5-AAE0-9AF81D44016F}"
EndProject
Project("{FAE04EC0-301F-11D3-BF4B-00C04F79EFBC}") = "Q3_FlowChart3", "Q3_FlowChart3\Q3_FlowChart3.csproj", "{C92225EC-4F4C-4455-8E66-4C859A157AEB}"
EndProject
Project("{FAE04EC0-301F-11D3-BF4B-00C04F79EFBC}") = "Q4_FlowChart4", "Q4_FlowChart4\Q4_FlowChart4.csproj", "{32F519CA-8137-4AC5-B390-F1300A4ABA9A}"
EndProject
Global
	GlobalSection(SolutionConfigurationPlatforms) = preSolution
		Debug|Any CPU = Debug|Any CPU
		Release|Any CPU = Release|Any CPU
	EndGlobalSection
	GlobalSection(ProjectConfigurationPlatforms) = postSolution
		{5A62B689-5E33-4ADD-8077-54B5757CCBA7}.Debug|Any CPU.ActiveCfg = Debug|Any CPU
		{5A62B689-5E33-4ADD-8077-54B5757CCBA7}.Debug|Any CPU.Build.0 = Debug|Any CPU
		{5A62B689-5E33-4ADD-8077-54B5757CCBA7}.Release|Any CPU.ActiveCfg = Release|Any CPU
		{5A62B689-5E33-4ADD-8077-54B5757CCBA7}.Release|Any CPU.Build.0 = Release|Any CPU
		{7F366317-523E-4CE5-AAE0-9AF81D44016F}.Debug|Any CPU.ActiveCfg = Debug|Any CPU
		{7F366317-523E-4CE5-AAE0-9AF81D44016F}.Debug|Any CPU.Build.0 = Debug|Any CPU
		{7F366317-523E-4CE5-AAE0-9AF81D44016F}.Release|Any CPU.ActiveCfg = Release|Any CPU
		{7F366317-523E-4CE5-AAE0-9AF81D44016F}.Release|Any CPU.Build.0 = Release|Any CPU
		{C92225EC-4F4C-4455-8E66-4C859A157AEB}.Debug|Any CPU.ActiveCfg = Debug|Any CPU
		{C92225EC-4F4C-4455-8E66-4C859A157AEB}.Debug|Any CPU.Build.0 = Debug|Any CPU
		{C92225EC-4F4C-4455-8E66-4C859A157AEB}.Release|Any CPU.ActiveCfg = Release|Any CPU
		{C92225EC-4F4C-4455-8E66-4C859A157AEB}.Release|Any CPU.Build.0 = Release|Any CPU
		{32F519CA-8137-4AC5-B390-F1300A4ABA9A}.Debug|Any CPU.ActiveCfg = Debug|Any CPU
		{32F519CA-8137-4AC5-B390-F1300A4ABA9A}.Debug|Any CPU.Build.0 = Debug|Any CPU
		{32F519CA-8137-4AC5-B390-F1300A4ABA9A}.Release|Any CPU.ActiveCfg = Release|Any CPU
		{32F519CA-8137-4AC5-B390-F1300A4ABA9A}.Release|Any CPU.Build.0 = Release|Any CPU
	EndGlobalSection
	GlobalSection(SolutionProperties) = preSolution
		HideSolutionNode = FALSE
	EndGlobalSection
EndGlobal
