
Microsoft Visual Studio Solution File, Format Version 12.00
# Visual Studio 14
VisualStudioVersion = 14.0.25420.1
MinimumVisualStudioVersion = 10.0.40219.1
Project("{FAE04EC0-301F-11D3-BF4B-00C04F79EFBC}") = "Q01_Number", "Q01_Number\Q01_Number.csproj", "{E490B948-C191-4A50-A21A-A871A7BC6A4E}"
EndProject
Project("{FAE04EC0-301F-11D3-BF4B-00C04F79EFBC}") = "Q02_Sum", "Q02_Sum\Q02_Sum.csproj", "{01B378D7-A665-48E9-8E9A-D2842708824D}"
EndProject
Project("{FAE04EC0-301F-11D3-BF4B-00C04F79EFBC}") = "Q03_Average", "Q03_Average\Q03_Average.csproj", "{77584B03-69D9-4C91-B054-5DEA98072811}"
EndProject
Project("{FAE04EC0-301F-11D3-BF4B-00C04F79EFBC}") = "Q04_Conversion", "Q04_Conversion\Q04_Conversion.csproj", "{9EBB3AFD-9A1F-4F6F-ACB4-D209CD6C4222}"
EndProject
Project("{FAE04EC0-301F-11D3-BF4B-00C04F79EFBC}") = "Q05_Conversion2", "Q05_Conversion2\Q05_Conversion2.csproj", "{2925D13A-BA4B-4BD9-9643-013AE2E5E298}"
EndProject
Project("{FAE04EC0-301F-11D3-BF4B-00C04F79EFBC}") = "Q06_Conversion3", "Q06_Conversion3\Q06_Conversion3.csproj", "{6850BE5C-80A5-4644-AEAC-D266BCD09084}"
EndProject
Project("{FAE04EC0-301F-11D3-BF4B-00C04F79EFBC}") = "Q07_Conversion4", "Q07_Conversion4\Q07_Conversion4.csproj", "{92A3ECE9-14C6-4252-B38E-49C0BF48566D}"
EndProject
Project("{FAE04EC0-301F-11D3-BF4B-00C04F79EFBC}") = "Q08_Conversion5", "Q08_Conversion5\Q08_Conversion5.csproj", "{E218C0F9-C922-439A-A397-E6CEC53BF7F1}"
EndProject
Project("{FAE04EC0-301F-11D3-BF4B-00C04F79EFBC}") = "Q11_Conversion6", "Q11_Conversion6\Q11_Conversion6.csproj", "{CF22AC19-87A5-4A0B-B437-0354609C6531}"
EndProject
Project("{FAE04EC0-301F-11D3-BF4B-00C04F79EFBC}") = "Q09_Grade", "Q09_Grade\Q09_Grade.csproj", "{21D90420-DAC3-4729-8AC7-5E3702DBE466}"
EndProject
Project("{FAE04EC0-301F-11D3-BF4B-00C04F79EFBC}") = "Q10_Account", "Q10_Account\Q10_Account.csproj", "{0E2EED94-B7BB-4265-B03C-D5A13706AFB7}"
EndProject
Project("{FAE04EC0-301F-11D3-BF4B-00C04F79EFBC}") = "Q12_Reverse", "Q12_Reverse\Q12_Reverse.csproj", "{7CCADB75-930C-4090-A507-7933B287E289}"
EndProject
Project("{FAE04EC0-301F-11D3-BF4B-00C04F79EFBC}") = "Q13_Account2", "Q13_Account2\Q13_Account2.csproj", "{0CD89AB5-74E1-4FE7-888C-2E682760DFA2}"
EndProject
Project("{FAE04EC0-301F-11D3-BF4B-00C04F79EFBC}") = "Q14_Account2_Modify", "Q14_Account2_Modify\Q14_Account2_Modify.csproj", "{C1475959-E4FB-4338-AA46-44AFF68B6A25}"
EndProject
Project("{FAE04EC0-301F-11D3-BF4B-00C04F79EFBC}") = "Q15_Pattern1", "Q15_Pattern1\Q15_Pattern1.csproj", "{766610B8-61B9-4321-A718-03920DF3B223}"
EndProject
Project("{FAE04EC0-301F-11D3-BF4B-00C04F79EFBC}") = "Q16_Pattern2", "Q16_Pattern2\Q16_Pattern2.csproj", "{24CE5762-07B6-491C-95D8-C6B005549D01}"
EndProject
Project("{FAE04EC0-301F-11D3-BF4B-00C04F79EFBC}") = "Q17_Pattern3", "Q17_Pattern3\Q17_Pattern3.csproj", "{8E70BC3A-E064-4D2A-B7EB-7936D4D1BE20}"
EndProject
Project("{FAE04EC0-301F-11D3-BF4B-00C04F79EFBC}") = "Q18_Pattern4", "Q18_Pattern4\Q18_Pattern4.csproj", "{D7050505-0942-4784-B76F-B6290F3C5E78}"
EndProject
Global
	GlobalSection(SolutionConfigurationPlatforms) = preSolution
		Debug|Any CPU = Debug|Any CPU
		Release|Any CPU = Release|Any CPU
	EndGlobalSection
	GlobalSection(ProjectConfigurationPlatforms) = postSolution
		{E490B948-C191-4A50-A21A-A871A7BC6A4E}.Debug|Any CPU.ActiveCfg = Debug|Any CPU
		{E490B948-C191-4A50-A21A-A871A7BC6A4E}.Debug|Any CPU.Build.0 = Debug|Any CPU
		{E490B948-C191-4A50-A21A-A871A7BC6A4E}.Release|Any CPU.ActiveCfg = Release|Any CPU
		{E490B948-C191-4A50-A21A-A871A7BC6A4E}.Release|Any CPU.Build.0 = Release|Any CPU
		{01B378D7-A665-48E9-8E9A-D2842708824D}.Debug|Any CPU.ActiveCfg = Debug|Any CPU
		{01B378D7-A665-48E9-8E9A-D2842708824D}.Debug|Any CPU.Build.0 = Debug|Any CPU
		{01B378D7-A665-48E9-8E9A-D2842708824D}.Release|Any CPU.ActiveCfg = Release|Any CPU
		{01B378D7-A665-48E9-8E9A-D2842708824D}.Release|Any CPU.Build.0 = Release|Any CPU
		{77584B03-69D9-4C91-B054-5DEA98072811}.Debug|Any CPU.ActiveCfg = Debug|Any CPU
		{77584B03-69D9-4C91-B054-5DEA98072811}.Debug|Any CPU.Build.0 = Debug|Any CPU
		{77584B03-69D9-4C91-B054-5DEA98072811}.Release|Any CPU.ActiveCfg = Release|Any CPU
		{77584B03-69D9-4C91-B054-5DEA98072811}.Release|Any CPU.Build.0 = Release|Any CPU
		{9EBB3AFD-9A1F-4F6F-ACB4-D209CD6C4222}.Debug|Any CPU.ActiveCfg = Debug|Any CPU
		{9EBB3AFD-9A1F-4F6F-ACB4-D209CD6C4222}.Debug|Any CPU.Build.0 = Debug|Any CPU
		{9EBB3AFD-9A1F-4F6F-ACB4-D209CD6C4222}.Release|Any CPU.ActiveCfg = Release|Any CPU
		{9EBB3AFD-9A1F-4F6F-ACB4-D209CD6C4222}.Release|Any CPU.Build.0 = Release|Any CPU
		{2925D13A-BA4B-4BD9-9643-013AE2E5E298}.Debug|Any CPU.ActiveCfg = Debug|Any CPU
		{2925D13A-BA4B-4BD9-9643-013AE2E5E298}.Debug|Any CPU.Build.0 = Debug|Any CPU
		{2925D13A-BA4B-4BD9-9643-013AE2E5E298}.Release|Any CPU.ActiveCfg = Release|Any CPU
		{2925D13A-BA4B-4BD9-9643-013AE2E5E298}.Release|Any CPU.Build.0 = Release|Any CPU
		{6850BE5C-80A5-4644-AEAC-D266BCD09084}.Debug|Any CPU.ActiveCfg = Debug|Any CPU
		{6850BE5C-80A5-4644-AEAC-D266BCD09084}.Debug|Any CPU.Build.0 = Debug|Any CPU
		{6850BE5C-80A5-4644-AEAC-D266BCD09084}.Release|Any CPU.ActiveCfg = Release|Any CPU
		{6850BE5C-80A5-4644-AEAC-D266BCD09084}.Release|Any CPU.Build.0 = Release|Any CPU
		{92A3ECE9-14C6-4252-B38E-49C0BF48566D}.Debug|Any CPU.ActiveCfg = Debug|Any CPU
		{92A3ECE9-14C6-4252-B38E-49C0BF48566D}.Debug|Any CPU.Build.0 = Debug|Any CPU
		{92A3ECE9-14C6-4252-B38E-49C0BF48566D}.Release|Any CPU.ActiveCfg = Release|Any CPU
		{92A3ECE9-14C6-4252-B38E-49C0BF48566D}.Release|Any CPU.Build.0 = Release|Any CPU
		{E218C0F9-C922-439A-A397-E6CEC53BF7F1}.Debug|Any CPU.ActiveCfg = Debug|Any CPU
		{E218C0F9-C922-439A-A397-E6CEC53BF7F1}.Debug|Any CPU.Build.0 = Debug|Any CPU
		{E218C0F9-C922-439A-A397-E6CEC53BF7F1}.Release|Any CPU.ActiveCfg = Release|Any CPU
		{E218C0F9-C922-439A-A397-E6CEC53BF7F1}.Release|Any CPU.Build.0 = Release|Any CPU
		{CF22AC19-87A5-4A0B-B437-0354609C6531}.Debug|Any CPU.ActiveCfg = Debug|Any CPU
		{CF22AC19-87A5-4A0B-B437-0354609C6531}.Debug|Any CPU.Build.0 = Debug|Any CPU
		{CF22AC19-87A5-4A0B-B437-0354609C6531}.Release|Any CPU.ActiveCfg = Release|Any CPU
		{CF22AC19-87A5-4A0B-B437-0354609C6531}.Release|Any CPU.Build.0 = Release|Any CPU
		{21D90420-DAC3-4729-8AC7-5E3702DBE466}.Debug|Any CPU.ActiveCfg = Debug|Any CPU
		{21D90420-DAC3-4729-8AC7-5E3702DBE466}.Debug|Any CPU.Build.0 = Debug|Any CPU
		{21D90420-DAC3-4729-8AC7-5E3702DBE466}.Release|Any CPU.ActiveCfg = Release|Any CPU
		{21D90420-DAC3-4729-8AC7-5E3702DBE466}.Release|Any CPU.Build.0 = Release|Any CPU
		{0E2EED94-B7BB-4265-B03C-D5A13706AFB7}.Debug|Any CPU.ActiveCfg = Debug|Any CPU
		{0E2EED94-B7BB-4265-B03C-D5A13706AFB7}.Debug|Any CPU.Build.0 = Debug|Any CPU
		{0E2EED94-B7BB-4265-B03C-D5A13706AFB7}.Release|Any CPU.ActiveCfg = Release|Any CPU
		{0E2EED94-B7BB-4265-B03C-D5A13706AFB7}.Release|Any CPU.Build.0 = Release|Any CPU
		{7CCADB75-930C-4090-A507-7933B287E289}.Debug|Any CPU.ActiveCfg = Debug|Any CPU
		{7CCADB75-930C-4090-A507-7933B287E289}.Debug|Any CPU.Build.0 = Debug|Any CPU
		{7CCADB75-930C-4090-A507-7933B287E289}.Release|Any CPU.ActiveCfg = Release|Any CPU
		{7CCADB75-930C-4090-A507-7933B287E289}.Release|Any CPU.Build.0 = Release|Any CPU
		{0CD89AB5-74E1-4FE7-888C-2E682760DFA2}.Debug|Any CPU.ActiveCfg = Debug|Any CPU
		{0CD89AB5-74E1-4FE7-888C-2E682760DFA2}.Debug|Any CPU.Build.0 = Debug|Any CPU
		{0CD89AB5-74E1-4FE7-888C-2E682760DFA2}.Release|Any CPU.ActiveCfg = Release|Any CPU
		{0CD89AB5-74E1-4FE7-888C-2E682760DFA2}.Release|Any CPU.Build.0 = Release|Any CPU
		{C1475959-E4FB-4338-AA46-44AFF68B6A25}.Debug|Any CPU.ActiveCfg = Debug|Any CPU
		{C1475959-E4FB-4338-AA46-44AFF68B6A25}.Debug|Any CPU.Build.0 = Debug|Any CPU
		{C1475959-E4FB-4338-AA46-44AFF68B6A25}.Release|Any CPU.ActiveCfg = Release|Any CPU
		{C1475959-E4FB-4338-AA46-44AFF68B6A25}.Release|Any CPU.Build.0 = Release|Any CPU
		{766610B8-61B9-4321-A718-03920DF3B223}.Debug|Any CPU.ActiveCfg = Debug|Any CPU
		{766610B8-61B9-4321-A718-03920DF3B223}.Debug|Any CPU.Build.0 = Debug|Any CPU
		{766610B8-61B9-4321-A718-03920DF3B223}.Release|Any CPU.ActiveCfg = Release|Any CPU
		{766610B8-61B9-4321-A718-03920DF3B223}.Release|Any CPU.Build.0 = Release|Any CPU
		{24CE5762-07B6-491C-95D8-C6B005549D01}.Debug|Any CPU.ActiveCfg = Debug|Any CPU
		{24CE5762-07B6-491C-95D8-C6B005549D01}.Debug|Any CPU.Build.0 = Debug|Any CPU
		{24CE5762-07B6-491C-95D8-C6B005549D01}.Release|Any CPU.ActiveCfg = Release|Any CPU
		{24CE5762-07B6-491C-95D8-C6B005549D01}.Release|Any CPU.Build.0 = Release|Any CPU
		{8E70BC3A-E064-4D2A-B7EB-7936D4D1BE20}.Debug|Any CPU.ActiveCfg = Debug|Any CPU
		{8E70BC3A-E064-4D2A-B7EB-7936D4D1BE20}.Debug|Any CPU.Build.0 = Debug|Any CPU
		{8E70BC3A-E064-4D2A-B7EB-7936D4D1BE20}.Release|Any CPU.ActiveCfg = Release|Any CPU
		{8E70BC3A-E064-4D2A-B7EB-7936D4D1BE20}.Release|Any CPU.Build.0 = Release|Any CPU
		{D7050505-0942-4784-B76F-B6290F3C5E78}.Debug|Any CPU.ActiveCfg = Debug|Any CPU
		{D7050505-0942-4784-B76F-B6290F3C5E78}.Debug|Any CPU.Build.0 = Debug|Any CPU
		{D7050505-0942-4784-B76F-B6290F3C5E78}.Release|Any CPU.ActiveCfg = Release|Any CPU
		{D7050505-0942-4784-B76F-B6290F3C5E78}.Release|Any CPU.Build.0 = Release|Any CPU
	EndGlobalSection
	GlobalSection(SolutionProperties) = preSolution
		HideSolutionNode = FALSE
	EndGlobalSection
EndGlobal
