
Microsoft Visual Studio Solution File, Format Version 12.00
# Visual Studio 14
VisualStudioVersion = 14.0.25420.1
MinimumVisualStudioVersion = 10.0.40219.1
Project("{FAE04EC0-301F-11D3-BF4B-00C04F79EFBC}") = "Slide11-Split_ToCharArray", "Slide11-Split_ToCharArray\Slide11-Split_ToCharArray.csproj", "{B424DF95-310C-41F0-A7E4-922149F6EC5B}"
EndProject
Global
	GlobalSection(SolutionConfigurationPlatforms) = preSolution
		Debug|Any CPU = Debug|Any CPU
		Release|Any CPU = Release|Any CPU
	EndGlobalSection
	GlobalSection(ProjectConfigurationPlatforms) = postSolution
		{B424DF95-310C-41F0-A7E4-922149F6EC5B}.Debug|Any CPU.ActiveCfg = Debug|Any CPU
		{B424DF95-310C-41F0-A7E4-922149F6EC5B}.Debug|Any CPU.Build.0 = Debug|Any CPU
		{B424DF95-310C-41F0-A7E4-922149F6EC5B}.Release|Any CPU.ActiveCfg = Release|Any CPU
		{B424DF95-310C-41F0-A7E4-922149F6EC5B}.Release|Any CPU.Build.0 = Release|Any CPU
	EndGlobalSection
	GlobalSection(SolutionProperties) = preSolution
		HideSolutionNode = FALSE
	EndGlobalSection
EndGlobal
